// !$*UTF8*$!
{
	archiveVersion = 1;
	classes = {
	};
	objectVersion = 46;
	objects = {

/* Begin PBXBuildFile section */
		EE8836051F1FE425001F5C38 /* AppDelegate.swift in Sources */ = {isa = PBXBuildFile; fileRef = EE8836041F1FE425001F5C38 /* AppDelegate.swift */; };
		EE8836071F1FE425001F5C38 /* ViewController.swift in Sources */ = {isa = PBXBuildFile; fileRef = EE8836061F1FE425001F5C38 /* ViewController.swift */; };
		EE88360A1F1FE425001F5C38 /* Main.storyboard in Resources */ = {isa = PBXBuildFile; fileRef = EE8836081F1FE425001F5C38 /* Main.storyboard */; };
		EE88360C1F1FE425001F5C38 /* Assets.xcassets in Resources */ = {isa = PBXBuildFile; fileRef = EE88360B1F1FE425001F5C38 /* Assets.xcassets */; };
		EE88360F1F1FE425001F5C38 /* LaunchScreen.storyboard in Resources */ = {isa = PBXBuildFile; fileRef = EE88360D1F1FE425001F5C38 /* LaunchScreen.storyboard */; };
		EE8836171F1FE498001F5C38 /* PHStickySlider.swift in Sources */ = {isa = PBXBuildFile; fileRef = EE8836161F1FE498001F5C38 /* PHStickySlider.swift */; };
		EE88361D1F20232A001F5C38 /* README.md in Sources */ = {isa = PBXBuildFile; fileRef = EE88361C1F20232A001F5C38 /* README.md */; };
		EE88361F1F202330001F5C38 /* LICENSE in Resources */ = {isa = PBXBuildFile; fileRef = EE88361E1F202330001F5C38 /* LICENSE */; };
/* End PBXBuildFile section */

/* Begin PBXFileReference section */
		EE8836011F1FE425001F5C38 /* stickySlider.app */ = {isa = PBXFileReference; explicitFileType = wrapper.application; includeInIndex = 0; path = stickySlider.app; sourceTree = BUILT_PRODUCTS_DIR; };
		EE8836041F1FE425001F5C38 /* AppDelegate.swift */ = {isa = PBXFileReference; lastKnownFileType = sourcecode.swift; path = AppDelegate.swift; sourceTree = "<group>"; };
		EE8836061F1FE425001F5C38 /* ViewController.swift */ = {isa = PBXFileReference; lastKnownFileType = sourcecode.swift; path = ViewController.swift; sourceTree = "<group>"; };
		EE8836091F1FE425001F5C38 /* Base */ = {isa = PBXFileReference; lastKnownFileType = file.storyboard; name = Base; path = Base.lproj/Main.storyboard; sourceTree = "<group>"; };
		EE88360B1F1FE425001F5C38 /* Assets.xcassets */ = {isa = PBXFileReference; lastKnownFileType = folder.assetcatalog; path = Assets.xcassets; sourceTree = "<group>"; };
		EE88360E1F1FE425001F5C38 /* Base */ = {isa = PBXFileReference; lastKnownFileType = file.storyboard; name = Base; path = Base.lproj/LaunchScreen.storyboard; sourceTree = "<group>"; };
		EE8836101F1FE425001F5C38 /* Info.plist */ = {isa = PBXFileReference; lastKnownFileType = text.plist.xml; path = Info.plist; sourceTree = "<group>"; };
		EE8836161F1FE498001F5C38 /* PHStickySlider.swift */ = {isa = PBXFileReference; fileEncoding = 4; lastKnownFileType = sourcecode.swift; path = PHStickySlider.swift; sourceTree = "<group>"; };
		EE88361C1F20232A001F5C38 /* README.md */ = {isa = PBXFileReference; fileEncoding = 4; lastKnownFileType = net.daringfireball.markdown; path = README.md; sourceTree = "<group>"; };
		EE88361E1F202330001F5C38 /* LICENSE */ = {isa = PBXFileReference; fileEncoding = 4; lastKnownFileType = text; path = LICENSE; sourceTree = "<group>"; };
/* End PBXFileReference section */

/* Begin PBXFrameworksBuildPhase section */
		EE8835FE1F1FE425001F5C38 /* Frameworks */ = {
			isa = PBXFrameworksBuildPhase;
			buildActionMask = 2147483647;
			files = (
			);
			runOnlyForDeploymentPostprocessing = 0;
		};
/* End PBXFrameworksBuildPhase section */

/* Begin PBXGroup section */
		EE8835F81F1FE425001F5C38 = {
			isa = PBXGroup;
			children = (
				EE88361E1F202330001F5C38 /* LICENSE */,
				EE88361C1F20232A001F5C38 /* README.md */,
				EE8836031F1FE425001F5C38 /* stickySlider */,
				EE8836021F1FE425001F5C38 /* Products */,
			);
			sourceTree = "<group>";
		};
		EE8836021F1FE425001F5C38 /* Products */ = {
			isa = PBXGroup;
			children = (
				EE8836011F1FE425001F5C38 /* stickySlider.app */,
			);
			name = Products;
			sourceTree = "<group>";
		};
		EE8836031F1FE425001F5C38 /* stickySlider */ = {
			isa = PBXGroup;
			children = (
				EE8836161F1FE498001F5C38 /* PHStickySlider.swift */,
				EE8836041F1FE425001F5C38 /* AppDelegate.swift */,
				EE8836061F1FE425001F5C38 /* ViewController.swift */,
				EE8836081F1FE425001F5C38 /* Main.storyboard */,
				EE88360B1F1FE425001F5C38 /* Assets.xcassets */,
				EE88360D1F1FE425001F5C38 /* LaunchScreen.storyboard */,
				EE8836101F1FE425001F5C38 /* Info.plist */,
			);
			path = stickySlider;
			sourceTree = "<group>";
		};
/* End PBXGroup section */

/* Begin PBXNativeTarget section */
		EE8836001F1FE425001F5C38 /* stickySlider */ = {
			isa = PBXNativeTarget;
			buildConfigurationList = EE8836131F1FE425001F5C38 /* Build configuration list for PBXNativeTarget "stickySlider" */;
			buildPhases = (
				EE8835FD1F1FE425001F5C38 /* Sources */,
				EE8835FE1F1FE425001F5C38 /* Frameworks */,
				EE8835FF1F1FE425001F5C38 /* Resources */,
			);
			buildRules = (
			);
			dependencies = (
			);
			name = stickySlider;
			productName = stickySlider;
			productReference = EE8836011F1FE425001F5C38 /* stickySlider.app */;
			productType = "com.apple.product-type.application";
		};
/* End PBXNativeTarget section */

/* Begin PBXProject section */
		EE8835F91F1FE425001F5C38 /* Project object */ = {
			isa = PBXProject;
			attributes = {
				LastSwiftUpdateCheck = 0820;
				LastUpgradeCheck = 0820;
				ORGANIZATIONNAME = "Jon Gilbert";
				TargetAttributes = {
					EE8836001F1FE425001F5C38 = {
						CreatedOnToolsVersion = 8.2.1;
						DevelopmentTeam = Y453UXCT86;
						ProvisioningStyle = Automatic;
					};
				};
			};
			buildConfigurationList = EE8835FC1F1FE425001F5C38 /* Build configuration list for PBXProject "stickySlider" */;
			compatibilityVersion = "Xcode 3.2";
			developmentRegion = English;
			hasScannedForEncodings = 0;
			knownRegions = (
				en,
				Base,
			);
			mainGroup = EE8835F81F1FE425001F5C38;
			productRefGroup = EE8836021F1FE425001F5C38 /* Products */;
			projectDirPath = "";
			projectRoot = "";
			targets = (
				EE8836001F1FE425001F5C38 /* stickySlider */,
			);
		};
/* End PBXProject section */

/* Begin PBXResourcesBuildPhase section */
		EE8835FF1F1FE425001F5C38 /* Resources */ = {
			isa = PBXResourcesBuildPhase;
			buildActionMask = 2147483647;
			files = (
				EE88360F1F1FE425001F5C38 /* LaunchScreen.storyboard in Resources */,
				EE88360C1F1FE425001F5C38 /* Assets.xcassets in Resources */,
				EE88361F1F202330001F5C38 /* LICENSE in Resources */,
				EE88360A1F1FE425001F5C38 /* Main.storyboard in Resources */,
			);
			runOnlyForDeploymentPostprocessing = 0;
		};
/* End PBXResourcesBuildPhase section */

/* Begin PBXSourcesBuildPhase section */
		EE8835FD1F1FE425001F5C38 /* Sources */ = {
			isa = PBXSourcesBuildPhase;
			buildActionMask = 2147483647;
			files = (
				EE8836171F1FE498001F5C38 /* PHStickySlider.swift in Sources */,
				EE8836071F1FE425001F5C38 /* ViewController.swift in Sources */,
				EE88361D1F20232A001F5C38 /* README.md in Sources */,
				EE8836051F1FE425001F5C38 /* AppDelegate.swift in Sources */,
			);
			runOnlyForDeploymentPostprocessing = 0;
		};
/* End PBXSourcesBuildPhase section */

/* Begin PBXVariantGroup section */
		EE8836081F1FE425001F5C38 /* Main.storyboard */ = {
			isa = PBXVariantGroup;
			children = (
				EE8836091F1FE425001F5C38 /* Base */,
			);
			name = Main.storyboard;
			sourceTree = "<group>";
		};
		EE88360D1F1FE425001F5C38 /* LaunchScreen.storyboard */ = {
			isa = PBXVariantGroup;
			children = (
				EE88360E1F1FE425001F5C38 /* Base */,
			);
			name = LaunchScreen.storyboard;
			sourceTree = "<group>";
		};
/* End PBXVariantGroup section */

/* Begin XCBuildConfiguration section */
		EE8836111F1FE425001F5C38 /* Debug */ = {
			isa = XCBuildConfiguration;
			buildSettings = {
				ALWAYS_SEARCH_USER_PATHS = NO;
				CLANG_ANALYZER_NONNULL = YES;
				CLANG_CXX_LANGUAGE_STANDARD = "gnu++0x";
				CLANG_CXX_LIBRARY = "libc++";
				CLANG_ENABLE_MODULES = YES;
				CLANG_ENABLE_OBJC_ARC = YES;
				CLANG_WARN_BOOL_CONVERSION = YES;
				CLANG_WARN_CONSTANT_CONVERSION = YES;
				CLANG_WARN_DIRECT_OBJC_ISA_USAGE = YES_ERROR;
				CLANG_WARN_DOCUMENTATION_COMMENTS = YES;
				CLANG_WARN_EMPTY_BODY = YES;
				CLANG_WARN_ENUM_CONVERSION = YES;
				CLANG_WARN_INFINITE_RECURSION = YES;
				CLANG_WARN_INT_CONVERSION = YES;
				CLANG_WARN_OBJC_ROOT_CLASS = YES_ERROR;
				CLANG_WARN_SUSPICIOUS_MOVE = YES;
				CLANG_WARN_UNREACHABLE_CODE = YES;
				CLANG_WARN__DUPLICATE_METHOD_MATCH = YES;
				"CODE_SIGN_IDENTITY[sdk=iphoneos*]" = "iPhone Developer";
				COPY_PHASE_STRIP = NO;
				DEBUG_INFORMATION_FORMAT = dwarf;
				ENABLE_STRICT_OBJC_MSGSEND = YES;
				ENABLE_TESTABILITY = YES;
				GCC_C_LANGUAGE_STANDARD = gnu99;
				GCC_DYNAMIC_NO_PIC = NO;
				GCC_NO_COMMON_BLOCKS = YES;
				GCC_OPTIMIZATION_LEVEL = 0;
				GCC_PREPROCESSOR_DEFINITIONS = (
					"DEBUG=1",
					"$(inherited)",
				);
				GCC_WARN_64_TO_32_BIT_CONVERSION = YES;
				GCC_WARN_ABOUT_RETURN_TYPE = YES_ERROR;
				GCC_WARN_UNDECLARED_SELECTOR = YES;
				GCC_WARN_UNINITIALIZED_AUTOS = YES_AGGRESSIVE;
				GCC_WARN_UNUSED_FUNCTION = YES;
				GCC_WARN_UNUSED_VARIABLE = YES;
				IPHONEOS_DEPLOYMENT_TARGET = 10.2;
				MTL_ENABLE_DEBUG_INFO = YES;
				ONLY_ACTIVE_ARCH = YES;
				SDKROOT = iphoneos;
				SWIFT_ACTIVE_COMPILATION_CONDITIONS = DEBUG;
				SWIFT_OPTIMIZATION_LEVEL = "-Onone";
				TARGETED_DEVICE_FAMILY = "1,2";
			};
			name = Debug;
		};
		EE8836121F1FE425001F5C38 /* Release */ = {
			isa = XCBuildConfiguration;
			buildSettings = {
				ALWAYS_SEARCH_USER_PATHS = NO;
				CLANG_ANALYZER_NONNULL = YES;
				CLANG_CXX_LANGUAGE_STANDARD = "gnu++0x";
				CLANG_CXX_LIBRARY = "libc++";
				CLANG_ENABLE_MODULES = YES;
				CLANG_ENABLE_OBJC_ARC = YES;
				CLANG_WARN_BOOL_CONVERSION = YES;
				CLANG_WARN_CONSTANT_CONVERSION = YES;
				CLANG_WARN_DIRECT_OBJC_ISA_USAGE = YES_ERROR;
				CLANG_WARN_DOCUMENTATION_COMMENTS = YES;
				CLANG_WARN_EMPTY_BODY = YES;
				CLANG_WARN_ENUM_CONVERSION = YES;
				CLANG_WARN_INFINITE_RECURSION = YES;
				CLANG_WARN_INT_CONVERSION = YES;
				CLANG_WARN_OBJC_ROOT_CLASS = YES_ERROR;
				CLANG_WARN_SUSPICIOUS_MOVE = YES;
				CLANG_WARN_UNREACHABLE_CODE = YES;
				CLANG_WARN__DUPLICATE_METHOD_MATCH = YES;
				"CODE_SIGN_IDENTITY[sdk=iphoneos*]" = "iPhone Developer";
				COPY_PHASE_STRIP = NO;
				DEBUG_INFORMATION_FORMAT = "dwarf-with-dsym";
				ENABLE_NS_ASSERTIONS = NO;
				ENABLE_STRICT_OBJC_MSGSEND = YES;
				GCC_C_LANGUAGE_STANDARD = gnu99;
				GCC_NO_COMMON_BLOCKS = YES;
				GCC_WARN_64_TO_32_BIT_CONVERSION = YES;
				GCC_WARN_ABOUT_RETURN_TYPE = YES_ERROR;
				GCC_WARN_UNDECLARED_SELECTOR = YES;
				GCC_WARN_UNINITIALIZED_AUTOS = YES_AGGRESSIVE;
				GCC_WARN_UNUSED_FUNCTION = YES;
				GCC_WARN_UNUSED_VARIABLE = YES;
				IPHONEOS_DEPLOYMENT_TARGET = 10.2;
				MTL_ENABLE_DEBUG_INFO = NO;
				SDKROOT = iphoneos;
				SWIFT_OPTIMIZATION_LEVEL = "-Owholemodule";
				TARGETED_DEVICE_FAMILY = "1,2";
				VALIDATE_PRODUCT = YES;
			};
			name = Release;
		};
		EE8836141F1FE425001F5C38 /* Debug */ = {
			isa = XCBuildConfiguration;
			buildSettings = {
				ASSETCATALOG_COMPILER_APPICON_NAME = AppIcon;
				DEVELOPMENT_TEAM = Y453UXCT86;
				INFOPLIST_FILE = stickySlider/Info.plist;
				LD_RUNPATH_SEARCH_PATHS = "$(inherited) @executable_path/Frameworks";
				PRODUCT_BUNDLE_IDENTIFIER = "Physical-Software.stickySlider";
				PRODUCT_NAME = "$(TARGET_NAME)";
				SWIFT_VERSION = 3.0;
			};
			name = Debug;
		};
		EE8836151F1FE425001F5C38 /* Release */ = {
			isa = XCBuildConfiguration;
			buildSettings = {
				ASSETCATALOG_COMPILER_APPICON_NAME = AppIcon;
				DEVELOPMENT_TEAM = Y453UXCT86;
				INFOPLIST_FILE = stickySlider/Info.plist;
				LD_RUNPATH_SEARCH_PATHS = "$(inherited) @executable_path/Frameworks";
				PRODUCT_BUNDLE_IDENTIFIER = "Physical-Software.stickySlider";
				PRODUCT_NAME = "$(TARGET_NAME)";
				SWIFT_VERSION = 3.0;
			};
			name = Release;
		};
/* End XCBuildConfiguration section */

/* Begin XCConfigurationList section */
		EE8835FC1F1FE425001F5C38 /* Build configuration list for PBXProject "stickySlider" */ = {
			isa = XCConfigurationList;
			buildConfigurations = (
				EE8836111F1FE425001F5C38 /* Debug */,
				EE8836121F1FE425001F5C38 /* Release */,
			);
			defaultConfigurationIsVisible = 0;
			defaultConfigurationName = Release;
		};
		EE8836131F1FE425001F5C38 /* Build configuration list for PBXNativeTarget "stickySlider" */ = {
			isa = XCConfigurationList;
			buildConfigurations = (
				EE8836141F1FE425001F5C38 /* Debug */,
				EE8836151F1FE425001F5C38 /* Release */,
			);
			defaultConfigurationIsVisible = 0;
			defaultConfigurationName = Release;
		};
/* End XCConfigurationList section */
	};
	rootObject = EE8835F91F1FE425001F5C38 /* Project object */;
}
